
Microsoft Visual Studio Solution File, Format Version 12.00
# Visual Studio 15
Project("{FAE04EC0-301F-11D3-BF4B-00C04F79EFBC}") = "Assembly-CSharp", "Assembly-CSharp.csproj", "{CBEB9EB3-A522-DE5C-D838-17E1AD48CE1A}"
EndProject
Project("{FAE04EC0-301F-11D3-BF4B-00C04F79EFBC}") = "Assembly-CSharp-Editor", "Assembly-CSharp-Editor.csproj", "{7E4855F3-D7C2-8B5E-731C-622773EC5CBF}"
EndProject
Global
	GlobalSection(SolutionConfigurationPlatforms) = preSolution
		Debug|Any CPU = Debug|Any CPU
		Release|Any CPU = Release|Any CPU
	EndGlobalSection
	GlobalSection(ProjectConfigurationPlatforms) = postSolution
		{CBEB9EB3-A522-DE5C-D838-17E1AD48CE1A}.Debug|Any CPU.ActiveCfg = Debug|Any CPU
		{CBEB9EB3-A522-DE5C-D838-17E1AD48CE1A}.Debug|Any CPU.Build.0 = Debug|Any CPU
		{CBEB9EB3-A522-DE5C-D838-17E1AD48CE1A}.Release|Any CPU.ActiveCfg = Release|Any CPU
		{CBEB9EB3-A522-DE5C-D838-17E1AD48CE1A}.Release|Any CPU.Build.0 = Release|Any CPU
		{7E4855F3-D7C2-8B5E-731C-622773EC5CBF}.Debug|Any CPU.ActiveCfg = Debug|Any CPU
		{7E4855F3-D7C2-8B5E-731C-622773EC5CBF}.Debug|Any CPU.Build.0 = Debug|Any CPU
		{7E4855F3-D7C2-8B5E-731C-622773EC5CBF}.Release|Any CPU.ActiveCfg = Release|Any CPU
		{7E4855F3-D7C2-8B5E-731C-622773EC5CBF}.Release|Any CPU.Build.0 = Release|Any CPU
	EndGlobalSection
	GlobalSection(SolutionProperties) = preSolution
		HideSolutionNode = FALSE
	EndGlobalSection
EndGlobal
